
Microsoft Visual Studio Solution File, Format Version 12.00
# Visual Studio Version 16
VisualStudioVersion = 16.0.31005.135
MinimumVisualStudioVersion = 10.0.40219.1
Project("{9A19103F-16F7-4668-BE54-9A1E7A4F7556}") = "Goober.RabbitMq.WebApi", "Goober.RabbitMq.WebApi\Goober.RabbitMq.WebApi.csproj", "{3F5829A8-3285-4FC1-AF8E-0A4B6EE04263}"
EndProject
Project("{9A19103F-16F7-4668-BE54-9A1E7A4F7556}") = "Goober.RabbitMq.Producer", "Goober.RabbitMq.Producer\Goober.RabbitMq.Producer.csproj", "{BD0E92BE-EBEC-4281-9F5E-DC9AF2BEB728}"
EndProject
Project("{9A19103F-16F7-4668-BE54-9A1E7A4F7556}") = "Goober.RabbitMq.Host", "Goober.RabbitMq.Host\Goober.RabbitMq.Host.csproj", "{35AAB64B-70D5-4A16-B3C9-409E82C8D833}"
EndProject
Project("{9A19103F-16F7-4668-BE54-9A1E7A4F7556}") = "Goober.RabbitMq.DAL.Abstractions", "Goober.RabbitMq.DAL.Abstractions\Goober.RabbitMq.DAL.Abstractions.csproj", "{E5F140C5-61CE-443F-95E9-CC3F796461DA}"
EndProject
Project("{9A19103F-16F7-4668-BE54-9A1E7A4F7556}") = "Goober.RabbitMq.Api", "Goober.RabbitMq.Api\Goober.RabbitMq.Api.csproj", "{A428C5BD-57BA-4879-B43F-332A86E097DF}"
EndProject
Project("{9A19103F-16F7-4668-BE54-9A1E7A4F7556}") = "Goober.RabbitMq.DAL.MsSql", "Goober.RabbitMq.DAL.MsSql\Goober.RabbitMq.DAL.MsSql.csproj", "{C5013132-4D16-4BC9-9040-0D99BBED5332}"
EndProject
Project("{2150E333-8FDC-42A3-9474-1A3956D46DE8}") = "Tests", "Tests", "{2E516286-3ABC-45B2-8792-72F99ACC11F4}"
EndProject
Project("{9A19103F-16F7-4668-BE54-9A1E7A4F7556}") = "Goober.RabbitMq.WebApi.Tests", "Goober.RabbitMq.WebApi.Tests\Goober.RabbitMq.WebApi.Tests.csproj", "{4AB8ADB4-26BB-45BD-B843-439CE51C1C86}"
EndProject
Project("{FAE04EC0-301F-11D3-BF4B-00C04F79EFBC}") = "Goober.RabbitMq.WebJobs", "Goober.RabbitMq.WebJobs\Goober.RabbitMq.WebJobs.csproj", "{6D3EC3F2-E33F-46A9-B055-3814571AEA12}"
EndProject
Global
	GlobalSection(SolutionConfigurationPlatforms) = preSolution
		Debug|Any CPU = Debug|Any CPU
		Release|Any CPU = Release|Any CPU
	EndGlobalSection
	GlobalSection(ProjectConfigurationPlatforms) = postSolution
		{3F5829A8-3285-4FC1-AF8E-0A4B6EE04263}.Debug|Any CPU.ActiveCfg = Debug|Any CPU
		{3F5829A8-3285-4FC1-AF8E-0A4B6EE04263}.Debug|Any CPU.Build.0 = Debug|Any CPU
		{3F5829A8-3285-4FC1-AF8E-0A4B6EE04263}.Release|Any CPU.ActiveCfg = Release|Any CPU
		{3F5829A8-3285-4FC1-AF8E-0A4B6EE04263}.Release|Any CPU.Build.0 = Release|Any CPU
		{BD0E92BE-EBEC-4281-9F5E-DC9AF2BEB728}.Debug|Any CPU.ActiveCfg = Debug|Any CPU
		{BD0E92BE-EBEC-4281-9F5E-DC9AF2BEB728}.Debug|Any CPU.Build.0 = Debug|Any CPU
		{BD0E92BE-EBEC-4281-9F5E-DC9AF2BEB728}.Release|Any CPU.ActiveCfg = Release|Any CPU
		{BD0E92BE-EBEC-4281-9F5E-DC9AF2BEB728}.Release|Any CPU.Build.0 = Release|Any CPU
		{35AAB64B-70D5-4A16-B3C9-409E82C8D833}.Debug|Any CPU.ActiveCfg = Debug|Any CPU
		{35AAB64B-70D5-4A16-B3C9-409E82C8D833}.Debug|Any CPU.Build.0 = Debug|Any CPU
		{35AAB64B-70D5-4A16-B3C9-409E82C8D833}.Release|Any CPU.ActiveCfg = Release|Any CPU
		{35AAB64B-70D5-4A16-B3C9-409E82C8D833}.Release|Any CPU.Build.0 = Release|Any CPU
		{E5F140C5-61CE-443F-95E9-CC3F796461DA}.Debug|Any CPU.ActiveCfg = Debug|Any CPU
		{E5F140C5-61CE-443F-95E9-CC3F796461DA}.Debug|Any CPU.Build.0 = Debug|Any CPU
		{E5F140C5-61CE-443F-95E9-CC3F796461DA}.Release|Any CPU.ActiveCfg = Release|Any CPU
		{E5F140C5-61CE-443F-95E9-CC3F796461DA}.Release|Any CPU.Build.0 = Release|Any CPU
		{A428C5BD-57BA-4879-B43F-332A86E097DF}.Debug|Any CPU.ActiveCfg = Debug|Any CPU
		{A428C5BD-57BA-4879-B43F-332A86E097DF}.Debug|Any CPU.Build.0 = Debug|Any CPU
		{A428C5BD-57BA-4879-B43F-332A86E097DF}.Release|Any CPU.ActiveCfg = Release|Any CPU
		{A428C5BD-57BA-4879-B43F-332A86E097DF}.Release|Any CPU.Build.0 = Release|Any CPU
		{C5013132-4D16-4BC9-9040-0D99BBED5332}.Debug|Any CPU.ActiveCfg = Debug|Any CPU
		{C5013132-4D16-4BC9-9040-0D99BBED5332}.Debug|Any CPU.Build.0 = Debug|Any CPU
		{C5013132-4D16-4BC9-9040-0D99BBED5332}.Release|Any CPU.ActiveCfg = Release|Any CPU
		{C5013132-4D16-4BC9-9040-0D99BBED5332}.Release|Any CPU.Build.0 = Release|Any CPU
		{4AB8ADB4-26BB-45BD-B843-439CE51C1C86}.Debug|Any CPU.ActiveCfg = Debug|Any CPU
		{4AB8ADB4-26BB-45BD-B843-439CE51C1C86}.Debug|Any CPU.Build.0 = Debug|Any CPU
		{4AB8ADB4-26BB-45BD-B843-439CE51C1C86}.Release|Any CPU.ActiveCfg = Release|Any CPU
		{4AB8ADB4-26BB-45BD-B843-439CE51C1C86}.Release|Any CPU.Build.0 = Release|Any CPU
		{6D3EC3F2-E33F-46A9-B055-3814571AEA12}.Debug|Any CPU.ActiveCfg = Debug|Any CPU
		{6D3EC3F2-E33F-46A9-B055-3814571AEA12}.Debug|Any CPU.Build.0 = Debug|Any CPU
		{6D3EC3F2-E33F-46A9-B055-3814571AEA12}.Release|Any CPU.ActiveCfg = Release|Any CPU
		{6D3EC3F2-E33F-46A9-B055-3814571AEA12}.Release|Any CPU.Build.0 = Release|Any CPU
	EndGlobalSection
	GlobalSection(SolutionProperties) = preSolution
		HideSolutionNode = FALSE
	EndGlobalSection
	GlobalSection(NestedProjects) = preSolution
		{4AB8ADB4-26BB-45BD-B843-439CE51C1C86} = {2E516286-3ABC-45B2-8792-72F99ACC11F4}
	EndGlobalSection
	GlobalSection(ExtensibilityGlobals) = postSolution
		SolutionGuid = {B46C9E95-DB37-4E09-943C-36294A6DAD36}
	EndGlobalSection
EndGlobal
